
Microsoft Visual Studio Solution File, Format Version 12.00
# Visual Studio Version 16
VisualStudioVersion = 16.0.31105.61
MinimumVisualStudioVersion = 10.0.40219.1
Project("{FAE04EC0-301F-11D3-BF4B-00C04F79EFBC}") = "SetWindowSize", "SetWindowSize\SetWindowSize.csproj", "{6B4B9AC9-2D41-42DC-9FE2-B991AFED3674}"
EndProject
Global
	GlobalSection(SolutionConfigurationPlatforms) = preSolution
		Debug|Any CPU = Debug|Any CPU
		Release|Any CPU = Release|Any CPU
	EndGlobalSection
	GlobalSection(ProjectConfigurationPlatforms) = postSolution
		{6B4B9AC9-2D41-42DC-9FE2-B991AFED3674}.Debug|Any CPU.ActiveCfg = Debug|Any CPU
		{6B4B9AC9-2D41-42DC-9FE2-B991AFED3674}.Debug|Any CPU.Build.0 = Debug|Any CPU
		{6B4B9AC9-2D41-42DC-9FE2-B991AFED3674}.Release|Any CPU.ActiveCfg = Release|Any CPU
		{6B4B9AC9-2D41-42DC-9FE2-B991AFED3674}.Release|Any CPU.Build.0 = Release|Any CPU
	EndGlobalSection
	GlobalSection(SolutionProperties) = preSolution
		HideSolutionNode = FALSE
	EndGlobalSection
	GlobalSection(ExtensibilityGlobals) = postSolution
		SolutionGuid = {D381CA75-BA26-487D-8DC9-5DDC4FC1B165}
	EndGlobalSection
EndGlobal
